
Microsoft Visual Studio Solution File, Format Version 12.00
# Visual Studio Version 17
VisualStudioVersion = 17.0.31903.59
MinimumVisualStudioVersion = 10.0.40219.1
Project("{FAE04EC0-301F-11D3-BF4B-00C04F79EFBC}") = "PracticaMaresa.Domain", "PracticaMaresa.Domain\PracticaMaresa.Domain.csproj", "{607F4446-5F1B-422B-9346-C2129EED95FA}"
EndProject
Project("{FAE04EC0-301F-11D3-BF4B-00C04F79EFBC}") = "PracticaMaresa.Infrastructure", "PracticaMaresa.Infrastructure\PracticaMaresa.Infrastructure.csproj", "{3409ECA1-48FC-408B-ABBB-605BD348100B}"
EndProject
Project("{FAE04EC0-301F-11D3-BF4B-00C04F79EFBC}") = "PracticaMaresa.Application", "PracticaMaresa.Application\PracticaMaresa.Application.csproj", "{F70C6CFF-01E8-481B-ACF9-338A3A01ED63}"
EndProject
Project("{FAE04EC0-301F-11D3-BF4B-00C04F79EFBC}") = "PracticaMaresa.API", "PracticaMaresa.API\PracticaMaresa.API.csproj", "{57228CE4-12BA-495D-B77C-B7A7400CAC68}"
EndProject
Global
	GlobalSection(SolutionConfigurationPlatforms) = preSolution
		Debug|Any CPU = Debug|Any CPU
		Debug|x64 = Debug|x64
		Debug|x86 = Debug|x86
		Release|Any CPU = Release|Any CPU
		Release|x64 = Release|x64
		Release|x86 = Release|x86
	EndGlobalSection
	GlobalSection(ProjectConfigurationPlatforms) = postSolution
		{607F4446-5F1B-422B-9346-C2129EED95FA}.Debug|Any CPU.ActiveCfg = Debug|Any CPU
		{607F4446-5F1B-422B-9346-C2129EED95FA}.Debug|Any CPU.Build.0 = Debug|Any CPU
		{607F4446-5F1B-422B-9346-C2129EED95FA}.Debug|x64.ActiveCfg = Debug|Any CPU
		{607F4446-5F1B-422B-9346-C2129EED95FA}.Debug|x64.Build.0 = Debug|Any CPU
		{607F4446-5F1B-422B-9346-C2129EED95FA}.Debug|x86.ActiveCfg = Debug|Any CPU
		{607F4446-5F1B-422B-9346-C2129EED95FA}.Debug|x86.Build.0 = Debug|Any CPU
		{607F4446-5F1B-422B-9346-C2129EED95FA}.Release|Any CPU.ActiveCfg = Release|Any CPU
		{607F4446-5F1B-422B-9346-C2129EED95FA}.Release|Any CPU.Build.0 = Release|Any CPU
		{607F4446-5F1B-422B-9346-C2129EED95FA}.Release|x64.ActiveCfg = Release|Any CPU
		{607F4446-5F1B-422B-9346-C2129EED95FA}.Release|x64.Build.0 = Release|Any CPU
		{607F4446-5F1B-422B-9346-C2129EED95FA}.Release|x86.ActiveCfg = Release|Any CPU
		{607F4446-5F1B-422B-9346-C2129EED95FA}.Release|x86.Build.0 = Release|Any CPU
		{3409ECA1-48FC-408B-ABBB-605BD348100B}.Debug|Any CPU.ActiveCfg = Debug|Any CPU
		{3409ECA1-48FC-408B-ABBB-605BD348100B}.Debug|Any CPU.Build.0 = Debug|Any CPU
		{3409ECA1-48FC-408B-ABBB-605BD348100B}.Debug|x64.ActiveCfg = Debug|Any CPU
		{3409ECA1-48FC-408B-ABBB-605BD348100B}.Debug|x64.Build.0 = Debug|Any CPU
		{3409ECA1-48FC-408B-ABBB-605BD348100B}.Debug|x86.ActiveCfg = Debug|Any CPU
		{3409ECA1-48FC-408B-ABBB-605BD348100B}.Debug|x86.Build.0 = Debug|Any CPU
		{3409ECA1-48FC-408B-ABBB-605BD348100B}.Release|Any CPU.ActiveCfg = Release|Any CPU
		{3409ECA1-48FC-408B-ABBB-605BD348100B}.Release|Any CPU.Build.0 = Release|Any CPU
		{3409ECA1-48FC-408B-ABBB-605BD348100B}.Release|x64.ActiveCfg = Release|Any CPU
		{3409ECA1-48FC-408B-ABBB-605BD348100B}.Release|x64.Build.0 = Release|Any CPU
		{3409ECA1-48FC-408B-ABBB-605BD348100B}.Release|x86.ActiveCfg = Release|Any CPU
		{3409ECA1-48FC-408B-ABBB-605BD348100B}.Release|x86.Build.0 = Release|Any CPU
		{F70C6CFF-01E8-481B-ACF9-338A3A01ED63}.Debug|Any CPU.ActiveCfg = Debug|Any CPU
		{F70C6CFF-01E8-481B-ACF9-338A3A01ED63}.Debug|Any CPU.Build.0 = Debug|Any CPU
		{F70C6CFF-01E8-481B-ACF9-338A3A01ED63}.Debug|x64.ActiveCfg = Debug|Any CPU
		{F70C6CFF-01E8-481B-ACF9-338A3A01ED63}.Debug|x64.Build.0 = Debug|Any CPU
		{F70C6CFF-01E8-481B-ACF9-338A3A01ED63}.Debug|x86.ActiveCfg = Debug|Any CPU
		{F70C6CFF-01E8-481B-ACF9-338A3A01ED63}.Debug|x86.Build.0 = Debug|Any CPU
		{F70C6CFF-01E8-481B-ACF9-338A3A01ED63}.Release|Any CPU.ActiveCfg = Release|Any CPU
		{F70C6CFF-01E8-481B-ACF9-338A3A01ED63}.Release|Any CPU.Build.0 = Release|Any CPU
		{F70C6CFF-01E8-481B-ACF9-338A3A01ED63}.Release|x64.ActiveCfg = Release|Any CPU
		{F70C6CFF-01E8-481B-ACF9-338A3A01ED63}.Release|x64.Build.0 = Release|Any CPU
		{F70C6CFF-01E8-481B-ACF9-338A3A01ED63}.Release|x86.ActiveCfg = Release|Any CPU
		{F70C6CFF-01E8-481B-ACF9-338A3A01ED63}.Release|x86.Build.0 = Release|Any CPU
		{57228CE4-12BA-495D-B77C-B7A7400CAC68}.Debug|Any CPU.ActiveCfg = Debug|Any CPU
		{57228CE4-12BA-495D-B77C-B7A7400CAC68}.Debug|Any CPU.Build.0 = Debug|Any CPU
		{57228CE4-12BA-495D-B77C-B7A7400CAC68}.Debug|x64.ActiveCfg = Debug|Any CPU
		{57228CE4-12BA-495D-B77C-B7A7400CAC68}.Debug|x64.Build.0 = Debug|Any CPU
		{57228CE4-12BA-495D-B77C-B7A7400CAC68}.Debug|x86.ActiveCfg = Debug|Any CPU
		{57228CE4-12BA-495D-B77C-B7A7400CAC68}.Debug|x86.Build.0 = Debug|Any CPU
		{57228CE4-12BA-495D-B77C-B7A7400CAC68}.Release|Any CPU.ActiveCfg = Release|Any CPU
		{57228CE4-12BA-495D-B77C-B7A7400CAC68}.Release|Any CPU.Build.0 = Release|Any CPU
		{57228CE4-12BA-495D-B77C-B7A7400CAC68}.Release|x64.ActiveCfg = Release|Any CPU
		{57228CE4-12BA-495D-B77C-B7A7400CAC68}.Release|x64.Build.0 = Release|Any CPU
		{57228CE4-12BA-495D-B77C-B7A7400CAC68}.Release|x86.ActiveCfg = Release|Any CPU
		{57228CE4-12BA-495D-B77C-B7A7400CAC68}.Release|x86.Build.0 = Release|Any CPU
	EndGlobalSection
	GlobalSection(SolutionProperties) = preSolution
		HideSolutionNode = FALSE
	EndGlobalSection
EndGlobal
